// !$*UTF8*$!
{
	archiveVersion = 1;
	classes = {
	};
	objectVersion = 56;
	objects = {

/* Begin PBXBuildFile section */
		0A2E763A29074A6700481342 /* AccountCreationView.swift in Sources */ = {isa = PBXBuildFile; fileRef = 0A2E763929074A6700481342 /* AccountCreationView.swift */; };
		0A2E765629095D6700481342 /* IconSelector.swift in Sources */ = {isa = PBXBuildFile; fileRef = 0A2E765529095D6700481342 /* IconSelector.swift */; };
		0A2E7658290966AF00481342 /* MainButton.swift in Sources */ = {isa = PBXBuildFile; fileRef = 0A2E7657290966AF00481342 /* MainButton.swift */; };
		0A2E765A290968CF00481342 /* AccentButton.swift in Sources */ = {isa = PBXBuildFile; fileRef = 0A2E7659290968CF00481342 /* AccentButton.swift */; };
		0A38FDFA2906FFA500111BBE /* Currency.swift in Sources */ = {isa = PBXBuildFile; fileRef = 0A38FDF92906FFA500111BBE /* Currency.swift */; };
		0A38FDFC2907032700111BBE /* CurrencySelector.swift in Sources */ = {isa = PBXBuildFile; fileRef = 0A38FDFB2907032700111BBE /* CurrencySelector.swift */; };
		0A5FC39E292BD5FA0097788C /* Transaction.swift in Sources */ = {isa = PBXBuildFile; fileRef = 0A5FC39D292BD5FA0097788C /* Transaction.swift */; };
		0A5FC3A0292BD6680097788C /* TransactionCell.swift in Sources */ = {isa = PBXBuildFile; fileRef = 0A5FC39F292BD6680097788C /* TransactionCell.swift */; };
		0A5FC3A2292BE2750097788C /* AccountDetailView.swift in Sources */ = {isa = PBXBuildFile; fileRef = 0A5FC3A1292BE2750097788C /* AccountDetailView.swift */; };
		0A6DA9D0293645970019B992 /* AccountSelectorMenu.swift in Sources */ = {isa = PBXBuildFile; fileRef = 0A6DA9CF293645970019B992 /* AccountSelectorMenu.swift */; };
		0AAA594928F54F16006CC6A6 /* FinanceTrackerApp.swift in Sources */ = {isa = PBXBuildFile; fileRef = 0AAA594828F54F16006CC6A6 /* FinanceTrackerApp.swift */; };
		0AAA594B28F54F16006CC6A6 /* HomeView.swift in Sources */ = {isa = PBXBuildFile; fileRef = 0AAA594A28F54F16006CC6A6 /* HomeView.swift */; };
		0AAA594D28F54F17006CC6A6 /* Assets.xcassets in Resources */ = {isa = PBXBuildFile; fileRef = 0AAA594C28F54F17006CC6A6 /* Assets.xcassets */; };
		0AAA595028F54F17006CC6A6 /* Preview Assets.xcassets in Resources */ = {isa = PBXBuildFile; fileRef = 0AAA594F28F54F17006CC6A6 /* Preview Assets.xcassets */; };
		0AAA595728F56066006CC6A6 /* AccountCell.swift in Sources */ = {isa = PBXBuildFile; fileRef = 0AAA595628F56066006CC6A6 /* AccountCell.swift */; };
		0AAA595928F56820006CC6A6 /* Account.swift in Sources */ = {isa = PBXBuildFile; fileRef = 0AAA595828F56820006CC6A6 /* Account.swift */; };
		0AAA595B28F812C5006CC6A6 /* PreviewData.swift in Sources */ = {isa = PBXBuildFile; fileRef = 0AAA595A28F812C5006CC6A6 /* PreviewData.swift */; };
		0AB09E91292A2F9D00F60A2C /* AccountList.swift in Sources */ = {isa = PBXBuildFile; fileRef = 0AB09E90292A2F9D00F60A2C /* AccountList.swift */; };
/* End PBXBuildFile section */

/* Begin PBXFileReference section */
		0A2E763929074A6700481342 /* AccountCreationView.swift */ = {isa = PBXFileReference; lastKnownFileType = sourcecode.swift; path = AccountCreationView.swift; sourceTree = "<group>"; };
		0A2E765529095D6700481342 /* IconSelector.swift */ = {isa = PBXFileReference; lastKnownFileType = sourcecode.swift; path = IconSelector.swift; sourceTree = "<group>"; };
		0A2E7657290966AF00481342 /* MainButton.swift */ = {isa = PBXFileReference; lastKnownFileType = sourcecode.swift; path = MainButton.swift; sourceTree = "<group>"; };
		0A2E7659290968CF00481342 /* AccentButton.swift */ = {isa = PBXFileReference; lastKnownFileType = sourcecode.swift; path = AccentButton.swift; sourceTree = "<group>"; };
		0A38FDF92906FFA500111BBE /* Currency.swift */ = {isa = PBXFileReference; lastKnownFileType = sourcecode.swift; path = Currency.swift; sourceTree = "<group>"; };
		0A38FDFB2907032700111BBE /* CurrencySelector.swift */ = {isa = PBXFileReference; lastKnownFileType = sourcecode.swift; path = CurrencySelector.swift; sourceTree = "<group>"; };
		0A5FC39D292BD5FA0097788C /* Transaction.swift */ = {isa = PBXFileReference; lastKnownFileType = sourcecode.swift; path = Transaction.swift; sourceTree = "<group>"; };
		0A5FC39F292BD6680097788C /* TransactionCell.swift */ = {isa = PBXFileReference; lastKnownFileType = sourcecode.swift; path = TransactionCell.swift; sourceTree = "<group>"; };
		0A5FC3A1292BE2750097788C /* AccountDetailView.swift */ = {isa = PBXFileReference; lastKnownFileType = sourcecode.swift; path = AccountDetailView.swift; sourceTree = "<group>"; };
		0A6DA9CF293645970019B992 /* AccountSelectorMenu.swift */ = {isa = PBXFileReference; lastKnownFileType = sourcecode.swift; path = AccountSelectorMenu.swift; sourceTree = "<group>"; };
		0AAA594528F54F16006CC6A6 /* FinanceTracker.app */ = {isa = PBXFileReference; explicitFileType = wrapper.application; includeInIndex = 0; path = FinanceTracker.app; sourceTree = BUILT_PRODUCTS_DIR; };
		0AAA594828F54F16006CC6A6 /* FinanceTrackerApp.swift */ = {isa = PBXFileReference; lastKnownFileType = sourcecode.swift; path = FinanceTrackerApp.swift; sourceTree = "<group>"; };
		0AAA594A28F54F16006CC6A6 /* HomeView.swift */ = {isa = PBXFileReference; lastKnownFileType = sourcecode.swift; path = HomeView.swift; sourceTree = "<group>"; };
		0AAA594C28F54F17006CC6A6 /* Assets.xcassets */ = {isa = PBXFileReference; lastKnownFileType = folder.assetcatalog; path = Assets.xcassets; sourceTree = "<group>"; };
		0AAA594F28F54F17006CC6A6 /* Preview Assets.xcassets */ = {isa = PBXFileReference; lastKnownFileType = folder.assetcatalog; path = "Preview Assets.xcassets"; sourceTree = "<group>"; };
		0AAA595628F56066006CC6A6 /* AccountCell.swift */ = {isa = PBXFileReference; lastKnownFileType = sourcecode.swift; path = AccountCell.swift; sourceTree = "<group>"; };
		0AAA595828F56820006CC6A6 /* Account.swift */ = {isa = PBXFileReference; lastKnownFileType = sourcecode.swift; path = Account.swift; sourceTree = "<group>"; };
		0AAA595A28F812C5006CC6A6 /* PreviewData.swift */ = {isa = PBXFileReference; lastKnownFileType = sourcecode.swift; path = PreviewData.swift; sourceTree = "<group>"; };
		0AB09E90292A2F9D00F60A2C /* AccountList.swift */ = {isa = PBXFileReference; lastKnownFileType = sourcecode.swift; path = AccountList.swift; sourceTree = "<group>"; };
/* End PBXFileReference section */

/* Begin PBXFrameworksBuildPhase section */
		0AAA594228F54F16006CC6A6 /* Frameworks */ = {
			isa = PBXFrameworksBuildPhase;
			buildActionMask = 2147483647;
			files = (
			);
			runOnlyForDeploymentPostprocessing = 0;
		};
/* End PBXFrameworksBuildPhase section */

/* Begin PBXGroup section */
		0AAA593C28F54F16006CC6A6 = {
			isa = PBXGroup;
			children = (
				0AAA594728F54F16006CC6A6 /* FinanceTracker */,
				0AAA594628F54F16006CC6A6 /* Products */,
			);
			sourceTree = "<group>";
		};
		0AAA594628F54F16006CC6A6 /* Products */ = {
			isa = PBXGroup;
			children = (
				0AAA594528F54F16006CC6A6 /* FinanceTracker.app */,
			);
			name = Products;
			sourceTree = "<group>";
		};
		0AAA594728F54F16006CC6A6 /* FinanceTracker */ = {
			isa = PBXGroup;
			children = (
				0AAA594828F54F16006CC6A6 /* FinanceTrackerApp.swift */,
				0AAA594A28F54F16006CC6A6 /* HomeView.swift */,
				0A6DA9CF293645970019B992 /* AccountSelectorMenu.swift */,
				0AAA595A28F812C5006CC6A6 /* PreviewData.swift */,
				0AAA595628F56066006CC6A6 /* AccountCell.swift */,
				0AAA595828F56820006CC6A6 /* Account.swift */,
				0A38FDF92906FFA500111BBE /* Currency.swift */,
				0A38FDFB2907032700111BBE /* CurrencySelector.swift */,
				0A2E763929074A6700481342 /* AccountCreationView.swift */,
				0A5FC3A1292BE2750097788C /* AccountDetailView.swift */,
				0A2E765529095D6700481342 /* IconSelector.swift */,
				0A2E7657290966AF00481342 /* MainButton.swift */,
				0A2E7659290968CF00481342 /* AccentButton.swift */,
				0AB09E90292A2F9D00F60A2C /* AccountList.swift */,
				0A5FC39D292BD5FA0097788C /* Transaction.swift */,
				0A5FC39F292BD6680097788C /* TransactionCell.swift */,
				0AAA594C28F54F17006CC6A6 /* Assets.xcassets */,
				0AAA594E28F54F17006CC6A6 /* Preview Content */,
			);
			path = FinanceTracker;
			sourceTree = "<group>";
		};
		0AAA594E28F54F17006CC6A6 /* Preview Content */ = {
			isa = PBXGroup;
			children = (
				0AAA594F28F54F17006CC6A6 /* Preview Assets.xcassets */,
			);
			path = "Preview Content";
			sourceTree = "<group>";
		};
/* End PBXGroup section */

/* Begin PBXNativeTarget section */
		0AAA594428F54F16006CC6A6 /* FinanceTracker */ = {
			isa = PBXNativeTarget;
			buildConfigurationList = 0AAA595328F54F17006CC6A6 /* Build configuration list for PBXNativeTarget "FinanceTracker" */;
			buildPhases = (
				0AAA594128F54F16006CC6A6 /* Sources */,
				0AAA594228F54F16006CC6A6 /* Frameworks */,
				0AAA594328F54F16006CC6A6 /* Resources */,
			);
			buildRules = (
			);
			dependencies = (
			);
			name = FinanceTracker;
			productName = FinanceTracker;
			productReference = 0AAA594528F54F16006CC6A6 /* FinanceTracker.app */;
			productType = "com.apple.product-type.application";
		};
/* End PBXNativeTarget section */

/* Begin PBXProject section */
		0AAA593D28F54F16006CC6A6 /* Project object */ = {
			isa = PBXProject;
			attributes = {
				BuildIndependentTargetsInParallel = 1;
				LastSwiftUpdateCheck = 1400;
				LastUpgradeCheck = 1400;
				TargetAttributes = {
					0AAA594428F54F16006CC6A6 = {
						CreatedOnToolsVersion = 14.0.1;
					};
				};
			};
			buildConfigurationList = 0AAA594028F54F16006CC6A6 /* Build configuration list for PBXProject "FinanceTracker" */;
			compatibilityVersion = "Xcode 14.0";
			developmentRegion = en;
			hasScannedForEncodings = 0;
			knownRegions = (
				en,
				Base,
			);
			mainGroup = 0AAA593C28F54F16006CC6A6;
			productRefGroup = 0AAA594628F54F16006CC6A6 /* Products */;
			projectDirPath = "";
			projectRoot = "";
			targets = (
				0AAA594428F54F16006CC6A6 /* FinanceTracker */,
			);
		};
/* End PBXProject section */

/* Begin PBXResourcesBuildPhase section */
		0AAA594328F54F16006CC6A6 /* Resources */ = {
			isa = PBXResourcesBuildPhase;
			buildActionMask = 2147483647;
			files = (
				0AAA595028F54F17006CC6A6 /* Preview Assets.xcassets in Resources */,
				0AAA594D28F54F17006CC6A6 /* Assets.xcassets in Resources */,
			);
			runOnlyForDeploymentPostprocessing = 0;
		};
/* End PBXResourcesBuildPhase section */

/* Begin PBXSourcesBuildPhase section */
		0AAA594128F54F16006CC6A6 /* Sources */ = {
			isa = PBXSourcesBuildPhase;
			buildActionMask = 2147483647;
			files = (
				0A5FC3A0292BD6680097788C /* TransactionCell.swift in Sources */,
				0A38FDFA2906FFA500111BBE /* Currency.swift in Sources */,
				0A2E763A29074A6700481342 /* AccountCreationView.swift in Sources */,
				0A5FC3A2292BE2750097788C /* AccountDetailView.swift in Sources */,
				0AAA595B28F812C5006CC6A6 /* PreviewData.swift in Sources */,
				0AAA594B28F54F16006CC6A6 /* HomeView.swift in Sources */,
				0A2E7658290966AF00481342 /* MainButton.swift in Sources */,
				0A6DA9D0293645970019B992 /* AccountSelectorMenu.swift in Sources */,
				0A5FC39E292BD5FA0097788C /* Transaction.swift in Sources */,
				0A38FDFC2907032700111BBE /* CurrencySelector.swift in Sources */,
				0AAA595928F56820006CC6A6 /* Account.swift in Sources */,
				0A2E765A290968CF00481342 /* AccentButton.swift in Sources */,
				0AAA595728F56066006CC6A6 /* AccountCell.swift in Sources */,
				0AAA594928F54F16006CC6A6 /* FinanceTrackerApp.swift in Sources */,
				0A2E765629095D6700481342 /* IconSelector.swift in Sources */,
				0AB09E91292A2F9D00F60A2C /* AccountList.swift in Sources */,
			);
			runOnlyForDeploymentPostprocessing = 0;
		};
/* End PBXSourcesBuildPhase section */

/* Begin XCBuildConfiguration section */
		0AAA595128F54F17006CC6A6 /* Debug */ = {
			isa = XCBuildConfiguration;
			buildSettings = {
				ALWAYS_SEARCH_USER_PATHS = NO;
				CLANG_ANALYZER_NONNULL = YES;
				CLANG_ANALYZER_NUMBER_OBJECT_CONVERSION = YES_AGGRESSIVE;
				CLANG_CXX_LANGUAGE_STANDARD = "gnu++20";
				CLANG_ENABLE_MODULES = YES;
				CLANG_ENABLE_OBJC_ARC = YES;
				CLANG_ENABLE_OBJC_WEAK = YES;
				CLANG_WARN_BLOCK_CAPTURE_AUTORELEASING = YES;
				CLANG_WARN_BOOL_CONVERSION = YES;
				CLANG_WARN_COMMA = YES;
				CLANG_WARN_CONSTANT_CONVERSION = YES;
				CLANG_WARN_DEPRECATED_OBJC_IMPLEMENTATIONS = YES;
				CLANG_WARN_DIRECT_OBJC_ISA_USAGE = YES_ERROR;
				CLANG_WARN_DOCUMENTATION_COMMENTS = YES;
				CLANG_WARN_EMPTY_BODY = YES;
				CLANG_WARN_ENUM_CONVERSION = YES;
				CLANG_WARN_INFINITE_RECURSION = YES;
				CLANG_WARN_INT_CONVERSION = YES;
				CLANG_WARN_NON_LITERAL_NULL_CONVERSION = YES;
				CLANG_WARN_OBJC_IMPLICIT_RETAIN_SELF = YES;
				CLANG_WARN_OBJC_LITERAL_CONVERSION = YES;
				CLANG_WARN_OBJC_ROOT_CLASS = YES_ERROR;
				CLANG_WARN_QUOTED_INCLUDE_IN_FRAMEWORK_HEADER = YES;
				CLANG_WARN_RANGE_LOOP_ANALYSIS = YES;
				CLANG_WARN_STRICT_PROTOTYPES = YES;
				CLANG_WARN_SUSPICIOUS_MOVE = YES;
				CLANG_WARN_UNGUARDED_AVAILABILITY = YES_AGGRESSIVE;
				CLANG_WARN_UNREACHABLE_CODE = YES;
				CLANG_WARN__DUPLICATE_METHOD_MATCH = YES;
				COPY_PHASE_STRIP = NO;
				DEBUG_INFORMATION_FORMAT = dwarf;
				ENABLE_STRICT_OBJC_MSGSEND = YES;
				ENABLE_TESTABILITY = YES;
				GCC_C_LANGUAGE_STANDARD = gnu11;
				GCC_DYNAMIC_NO_PIC = NO;
				GCC_NO_COMMON_BLOCKS = YES;
				GCC_OPTIMIZATION_LEVEL = 0;
				GCC_PREPROCESSOR_DEFINITIONS = (
					"DEBUG=1",
					"$(inherited)",
				);
				GCC_WARN_64_TO_32_BIT_CONVERSION = YES;
				GCC_WARN_ABOUT_RETURN_TYPE = YES_ERROR;
				GCC_WARN_UNDECLARED_SELECTOR = YES;
				GCC_WARN_UNINITIALIZED_AUTOS = YES_AGGRESSIVE;
				GCC_WARN_UNUSED_FUNCTION = YES;
				GCC_WARN_UNUSED_VARIABLE = YES;
				IPHONEOS_DEPLOYMENT_TARGET = 16.0;
				MTL_ENABLE_DEBUG_INFO = INCLUDE_SOURCE;
				MTL_FAST_MATH = YES;
				ONLY_ACTIVE_ARCH = YES;
				SDKROOT = iphoneos;
				SWIFT_ACTIVE_COMPILATION_CONDITIONS = DEBUG;
				SWIFT_OPTIMIZATION_LEVEL = "-Onone";
			};
			name = Debug;
		};
		0AAA595228F54F17006CC6A6 /* Release */ = {
			isa = XCBuildConfiguration;
			buildSettings = {
				ALWAYS_SEARCH_USER_PATHS = NO;
				CLANG_ANALYZER_NONNULL = YES;
				CLANG_ANALYZER_NUMBER_OBJECT_CONVERSION = YES_AGGRESSIVE;
				CLANG_CXX_LANGUAGE_STANDARD = "gnu++20";
				CLANG_ENABLE_MODULES = YES;
				CLANG_ENABLE_OBJC_ARC = YES;
				CLANG_ENABLE_OBJC_WEAK = YES;
				CLANG_WARN_BLOCK_CAPTURE_AUTORELEASING = YES;
				CLANG_WARN_BOOL_CONVERSION = YES;
				CLANG_WARN_COMMA = YES;
				CLANG_WARN_CONSTANT_CONVERSION = YES;
				CLANG_WARN_DEPRECATED_OBJC_IMPLEMENTATIONS = YES;
				CLANG_WARN_DIRECT_OBJC_ISA_USAGE = YES_ERROR;
				CLANG_WARN_DOCUMENTATION_COMMENTS = YES;
				CLANG_WARN_EMPTY_BODY = YES;
				CLANG_WARN_ENUM_CONVERSION = YES;
				CLANG_WARN_INFINITE_RECURSION = YES;
				CLANG_WARN_INT_CONVERSION = YES;
				CLANG_WARN_NON_LITERAL_NULL_CONVERSION = YES;
				CLANG_WARN_OBJC_IMPLICIT_RETAIN_SELF = YES;
				CLANG_WARN_OBJC_LITERAL_CONVERSION = YES;
				CLANG_WARN_OBJC_ROOT_CLASS = YES_ERROR;
				CLANG_WARN_QUOTED_INCLUDE_IN_FRAMEWORK_HEADER = YES;
				CLANG_WARN_RANGE_LOOP_ANALYSIS = YES;
				CLANG_WARN_STRICT_PROTOTYPES = YES;
				CLANG_WARN_SUSPICIOUS_MOVE = YES;
				CLANG_WARN_UNGUARDED_AVAILABILITY = YES_AGGRESSIVE;
				CLANG_WARN_UNREACHABLE_CODE = YES;
				CLANG_WARN__DUPLICATE_METHOD_MATCH = YES;
				COPY_PHASE_STRIP = NO;
				DEBUG_INFORMATION_FORMAT = "dwarf-with-dsym";
				ENABLE_NS_ASSERTIONS = NO;
				ENABLE_STRICT_OBJC_MSGSEND = YES;
				GCC_C_LANGUAGE_STANDARD = gnu11;
				GCC_NO_COMMON_BLOCKS = YES;
				GCC_WARN_64_TO_32_BIT_CONVERSION = YES;
				GCC_WARN_ABOUT_RETURN_TYPE = YES_ERROR;
				GCC_WARN_UNDECLARED_SELECTOR = YES;
				GCC_WARN_UNINITIALIZED_AUTOS = YES_AGGRESSIVE;
				GCC_WARN_UNUSED_FUNCTION = YES;
				GCC_WARN_UNUSED_VARIABLE = YES;
				IPHONEOS_DEPLOYMENT_TARGET = 16.0;
				MTL_ENABLE_DEBUG_INFO = NO;
				MTL_FAST_MATH = YES;
				SDKROOT = iphoneos;
				SWIFT_COMPILATION_MODE = wholemodule;
				SWIFT_OPTIMIZATION_LEVEL = "-O";
				VALIDATE_PRODUCT = YES;
			};
			name = Release;
		};
		0AAA595428F54F17006CC6A6 /* Debug */ = {
			isa = XCBuildConfiguration;
			buildSettings = {
				ASSETCATALOG_COMPILER_APPICON_NAME = AppIcon;
				ASSETCATALOG_COMPILER_GLOBAL_ACCENT_COLOR_NAME = AccentColor;
				CODE_SIGN_STYLE = Automatic;
				CURRENT_PROJECT_VERSION = 1;
				DEVELOPMENT_ASSET_PATHS = "\"FinanceTracker/Preview Content\"";
				DEVELOPMENT_TEAM = 5L6U43CM7C;
				ENABLE_PREVIEWS = YES;
				GENERATE_INFOPLIST_FILE = YES;
				INFOPLIST_KEY_UIApplicationSceneManifest_Generation = YES;
				INFOPLIST_KEY_UIApplicationSupportsIndirectInputEvents = YES;
				INFOPLIST_KEY_UILaunchScreen_Generation = YES;
				INFOPLIST_KEY_UISupportedInterfaceOrientations_iPad = "UIInterfaceOrientationPortrait UIInterfaceOrientationPortraitUpsideDown UIInterfaceOrientationLandscapeLeft UIInterfaceOrientationLandscapeRight";
				INFOPLIST_KEY_UISupportedInterfaceOrientations_iPhone = "UIInterfaceOrientationPortrait UIInterfaceOrientationLandscapeLeft UIInterfaceOrientationLandscapeRight";
				LD_RUNPATH_SEARCH_PATHS = (
					"$(inherited)",
					"@executable_path/Frameworks",
				);
				MARKETING_VERSION = 1.0;
				PRODUCT_BUNDLE_IDENTIFIER = com.TheFrenchyDeveloper.FinanceTracker;
				PRODUCT_NAME = "$(TARGET_NAME)";
				SWIFT_EMIT_LOC_STRINGS = YES;
				SWIFT_VERSION = 5.0;
				TARGETED_DEVICE_FAMILY = "1,2";
			};
			name = Debug;
		};
		0AAA595528F54F17006CC6A6 /* Release */ = {
			isa = XCBuildConfiguration;
			buildSettings = {
				ASSETCATALOG_COMPILER_APPICON_NAME = AppIcon;
				ASSETCATALOG_COMPILER_GLOBAL_ACCENT_COLOR_NAME = AccentColor;
				CODE_SIGN_STYLE = Automatic;
				CURRENT_PROJECT_VERSION = 1;
				DEVELOPMENT_ASSET_PATHS = "\"FinanceTracker/Preview Content\"";
				DEVELOPMENT_TEAM = 5L6U43CM7C;
				ENABLE_PREVIEWS = YES;
				GENERATE_INFOPLIST_FILE = YES;
				INFOPLIST_KEY_UIApplicationSceneManifest_Generation = YES;
				INFOPLIST_KEY_UIApplicationSupportsIndirectInputEvents = YES;
				INFOPLIST_KEY_UILaunchScreen_Generation = YES;
				INFOPLIST_KEY_UISupportedInterfaceOrientations_iPad = "UIInterfaceOrientationPortrait UIInterfaceOrientationPortraitUpsideDown UIInterfaceOrientationLandscapeLeft UIInterfaceOrientationLandscapeRight";
				INFOPLIST_KEY_UISupportedInterfaceOrientations_iPhone = "UIInterfaceOrientationPortrait UIInterfaceOrientationLandscapeLeft UIInterfaceOrientationLandscapeRight";
				LD_RUNPATH_SEARCH_PATHS = (
					"$(inherited)",
					"@executable_path/Frameworks",
				);
				MARKETING_VERSION = 1.0;
				PRODUCT_BUNDLE_IDENTIFIER = com.TheFrenchyDeveloper.FinanceTracker;
				PRODUCT_NAME = "$(TARGET_NAME)";
				SWIFT_EMIT_LOC_STRINGS = YES;
				SWIFT_VERSION = 5.0;
				TARGETED_DEVICE_FAMILY = "1,2";
			};
			name = Release;
		};
/* End XCBuildConfiguration section */

/* Begin XCConfigurationList section */
		0AAA594028F54F16006CC6A6 /* Build configuration list for PBXProject "FinanceTracker" */ = {
			isa = XCConfigurationList;
			buildConfigurations = (
				0AAA595128F54F17006CC6A6 /* Debug */,
				0AAA595228F54F17006CC6A6 /* Release */,
			);
			defaultConfigurationIsVisible = 0;
			defaultConfigurationName = Release;
		};
		0AAA595328F54F17006CC6A6 /* Build configuration list for PBXNativeTarget "FinanceTracker" */ = {
			isa = XCConfigurationList;
			buildConfigurations = (
				0AAA595428F54F17006CC6A6 /* Debug */,
				0AAA595528F54F17006CC6A6 /* Release */,
			);
			defaultConfigurationIsVisible = 0;
			defaultConfigurationName = Release;
		};
/* End XCConfigurationList section */
	};
	rootObject = 0AAA593D28F54F16006CC6A6 /* Project object */;
}
